
Microsoft Visual Studio Solution File, Format Version 12.00
# Visual Studio Version 16
VisualStudioVersion = 16.0.31624.102
MinimumVisualStudioVersion = 10.0.40219.1
Project("{9A19103F-16F7-4668-BE54-9A1E7A4F7556}") = "AirlineProject.ConsoleApp", "AirlineProject.ConsoleApp\AirlineProject.ConsoleApp.csproj", "{4907C6AF-A9E3-45A3-B85F-B5F273508DA1}"
EndProject
Project("{9A19103F-16F7-4668-BE54-9A1E7A4F7556}") = "AirlineProject.Data", "..\AirlineProject.Data\AirlineProject.Data\AirlineProject.Data.csproj", "{69008ACC-2972-4A0D-91EF-8A78B1849D11}"
EndProject
Global
	GlobalSection(SolutionConfigurationPlatforms) = preSolution
		Debug|Any CPU = Debug|Any CPU
		Release|Any CPU = Release|Any CPU
	EndGlobalSection
	GlobalSection(ProjectConfigurationPlatforms) = postSolution
		{4907C6AF-A9E3-45A3-B85F-B5F273508DA1}.Debug|Any CPU.ActiveCfg = Debug|Any CPU
		{4907C6AF-A9E3-45A3-B85F-B5F273508DA1}.Debug|Any CPU.Build.0 = Debug|Any CPU
		{4907C6AF-A9E3-45A3-B85F-B5F273508DA1}.Release|Any CPU.ActiveCfg = Release|Any CPU
		{4907C6AF-A9E3-45A3-B85F-B5F273508DA1}.Release|Any CPU.Build.0 = Release|Any CPU
		{69008ACC-2972-4A0D-91EF-8A78B1849D11}.Debug|Any CPU.ActiveCfg = Debug|Any CPU
		{69008ACC-2972-4A0D-91EF-8A78B1849D11}.Debug|Any CPU.Build.0 = Debug|Any CPU
		{69008ACC-2972-4A0D-91EF-8A78B1849D11}.Release|Any CPU.ActiveCfg = Release|Any CPU
		{69008ACC-2972-4A0D-91EF-8A78B1849D11}.Release|Any CPU.Build.0 = Release|Any CPU
	EndGlobalSection
	GlobalSection(SolutionProperties) = preSolution
		HideSolutionNode = FALSE
	EndGlobalSection
	GlobalSection(ExtensibilityGlobals) = postSolution
		SolutionGuid = {8EE30C51-56C1-49B7-A8B1-1BBA21508150}
	EndGlobalSection
EndGlobal
